
Microsoft Visual Studio Solution File, Format Version 12.00
# Visual Studio Version 16
VisualStudioVersion = 16.0.29806.167
MinimumVisualStudioVersion = 10.0.40219.1
Project("{FAE04EC0-301F-11D3-BF4B-00C04F79EFBC}") = "HRM", "HRM\HRM.csproj", "{7946D0BF-F7AA-4A24-A636-6193ECD144B0}"
EndProject
Project("{FAE04EC0-301F-11D3-BF4B-00C04F79EFBC}") = "HRM.BUSINESS", "HRM.BUSINESS\HRM.BUSINESS.csproj", "{6A2958B4-1945-4F00-B74F-F85A11274142}"
EndProject
Project("{FAE04EC0-301F-11D3-BF4B-00C04F79EFBC}") = "HRM.DB", "HRM.DB\HRM.DB.csproj", "{C01FB61B-7895-4760-A5BA-682CE6856B0D}"
EndProject
Global
	GlobalSection(SolutionConfigurationPlatforms) = preSolution
		Debug|Any CPU = Debug|Any CPU
		Release|Any CPU = Release|Any CPU
	EndGlobalSection
	GlobalSection(ProjectConfigurationPlatforms) = postSolution
		{7946D0BF-F7AA-4A24-A636-6193ECD144B0}.Debug|Any CPU.ActiveCfg = Debug|Any CPU
		{7946D0BF-F7AA-4A24-A636-6193ECD144B0}.Debug|Any CPU.Build.0 = Debug|Any CPU
		{7946D0BF-F7AA-4A24-A636-6193ECD144B0}.Release|Any CPU.ActiveCfg = Release|Any CPU
		{7946D0BF-F7AA-4A24-A636-6193ECD144B0}.Release|Any CPU.Build.0 = Release|Any CPU
		{6A2958B4-1945-4F00-B74F-F85A11274142}.Debug|Any CPU.ActiveCfg = Debug|Any CPU
		{6A2958B4-1945-4F00-B74F-F85A11274142}.Debug|Any CPU.Build.0 = Debug|Any CPU
		{6A2958B4-1945-4F00-B74F-F85A11274142}.Release|Any CPU.ActiveCfg = Release|Any CPU
		{6A2958B4-1945-4F00-B74F-F85A11274142}.Release|Any CPU.Build.0 = Release|Any CPU
		{C01FB61B-7895-4760-A5BA-682CE6856B0D}.Debug|Any CPU.ActiveCfg = Debug|Any CPU
		{C01FB61B-7895-4760-A5BA-682CE6856B0D}.Debug|Any CPU.Build.0 = Debug|Any CPU
		{C01FB61B-7895-4760-A5BA-682CE6856B0D}.Release|Any CPU.ActiveCfg = Release|Any CPU
		{C01FB61B-7895-4760-A5BA-682CE6856B0D}.Release|Any CPU.Build.0 = Release|Any CPU
	EndGlobalSection
	GlobalSection(SolutionProperties) = preSolution
		HideSolutionNode = FALSE
	EndGlobalSection
	GlobalSection(ExtensibilityGlobals) = postSolution
		SolutionGuid = {EAF6D9BF-FA24-4C41-93DB-B40E5CC2537B}
	EndGlobalSection
EndGlobal
